# This file was autogenerated by Stack.
# You should not edit this file by hand.
# For more information, please see the documentation at:
#   https://docs.haskellstack.org/en/stable/lock_files

packages:
- completed:
    commit: 1875d7a6cb00f915156d35c6e4842210d873a7b6
    git: https://github.com/tsukimizake/implicitCAD
    name: implicit
    pantry-tree:
      sha256: 8d1697e1e9ae405421c8f66869085bb33d11b0e816ff69440946fa28aa00c9bc
      size: 11259
    version: 0.4.1.0
  original:
    commit: 1875d7a6cb00f915156d35c6e4842210d873a7b6
    git: https://github.com/tsukimizake/implicitCAD
snapshots:
- completed:
    sha256: 1b4c2669e26fa828451830ed4725e4d406acc25a1fa24fcc039465dd13d7a575
    size: 714100
    url: https://raw.githubusercontent.com/commercialhaskell/stackage-snapshots/master/lts/22/6.yaml
  original: lts-22.6
