# This file was autogenerated by Stack.
# You should not edit this file by hand.
# For more information, please see the documentation at:
#   https://docs.haskellstack.org/en/stable/lock_files

packages:
- completed:
    hackage: implicit-0.4.1.0@sha256:0f9e21694201ddd5ff3036186ae57119c57be7934209ab38d5f6be8590a802d8,8849
    pantry-tree:
      sha256: e864ab7164e874044cd7637fe48d0dc0431a8c74364c63c498ed1380bab603ec
      size: 10547
  original:
    hackage: implicit-0.4.1.0@sha256:0f9e21694201ddd5ff3036186ae57119c57be7934209ab38d5f6be8590a802d8,8849
snapshots:
- completed:
    sha256: 2fdd7d3e54540062ef75ca0a73ca3a804c527dbf8a4cadafabf340e66ac4af40
    size: 712469
    url: https://raw.githubusercontent.com/commercialhaskell/stackage-snapshots/master/lts/22/11.yaml
  original:
    url: https://raw.githubusercontent.com/commercialhaskell/stackage-snapshots/master/lts/22/11.yaml
